PODS:
  - TABTestKit (0.3.0):
    - XCTest-Gherkin (= 0.13.2)
  - XCTest-Gherkin (0.13.2):
    - XCTest-Gherkin/Core (= 0.13.2)
  - XCTest-Gherkin/Core (0.13.2)

DEPENDENCIES:
  - TABTestKit (from `../`)

EXTERNAL SOURCES:
  TABTestKit:
    :path: ../

SPEC CHECKSUMS:
  TABTestKit: bfa7a0e8134ae6b8992f82863379a0533018df9a
  XCTest-Gherkin: 5b5b9c98baed1f889893a8222c47c76557eb705b

PODFILE CHECKSUM: 8b09a0d1a95ec21d6e263f1a0957959c6030cdbb

COCOAPODS: 1.3.1
