// !$*UTF8*$!
{
	archiveVersion = 1;
	classes = {
	};
	objectVersion = 46;
	objects = {

/* Begin PBXBuildFile section */
		6048911B986922C931CBCBD4 /* Pods_TABTestKit_ExampleUITests.framework in Frameworks */ = {isa = PBXBuildFile; fileRef = 0F961EE8274AEF63C32361E2 /* Pods_TABTestKit_ExampleUITests.framework */; };
		607FACD61AFB9204008FA782 /* AppDelegate.swift in Sources */ = {isa = PBXBuildFile; fileRef = 607FACD51AFB9204008FA782 /* AppDelegate.swift */; };
		607FACDB1AFB9204008FA782 /* Main.storyboard in Resources */ = {isa = PBXBuildFile; fileRef = 607FACD91AFB9204008FA782 /* Main.storyboard */; };
		607FACDD1AFB9204008FA782 /* Images.xcassets in Resources */ = {isa = PBXBuildFile; fileRef = 607FACDC1AFB9204008FA782 /* Images.xcassets */; };
		607FACE01AFB9204008FA782 /* LaunchScreen.xib in Resources */ = {isa = PBXBuildFile; fileRef = 607FACDE1AFB9204008FA782 /* LaunchScreen.xib */; };
		C326D660232788BA001AB082 /* BiometricLoginViewController.swift in Sources */ = {isa = PBXBuildFile; fileRef = C326D65F232788BA001AB082 /* BiometricLoginViewController.swift */; };
		C326D66223278C65001AB082 /* RootController.swift in Sources */ = {isa = PBXBuildFile; fileRef = C326D66123278C65001AB082 /* RootController.swift */; };
		C326D66423278D62001AB082 /* BiometricLogin_HappyPathTests.swift in Sources */ = {isa = PBXBuildFile; fileRef = C326D66323278D62001AB082 /* BiometricLogin_HappyPathTests.swift */; };
		C326D66623278E2E001AB082 /* BiometricLoginScreen.swift in Sources */ = {isa = PBXBuildFile; fileRef = C326D66523278E2E001AB082 /* BiometricLoginScreen.swift */; };
		C326D6A62327DAA7001AB082 /* TableScreen.swift in Sources */ = {isa = PBXBuildFile; fileRef = C326D6A52327DAA7001AB082 /* TableScreen.swift */; };
		C326D6A82327DC15001AB082 /* BiometricLogin_PermissionDeniedTests.swift in Sources */ = {isa = PBXBuildFile; fileRef = C326D6A72327DC15001AB082 /* BiometricLogin_PermissionDeniedTests.swift */; };
		C326D6AA2327DFCC001AB082 /* BiometricLogin_AuthenticationFailureTests.swift in Sources */ = {isa = PBXBuildFile; fileRef = C326D6A92327DFCC001AB082 /* BiometricLogin_AuthenticationFailureTests.swift */; };
		C326D6AC2327E847001AB082 /* TableTests.swift in Sources */ = {isa = PBXBuildFile; fileRef = C326D6AB2327E847001AB082 /* TableTests.swift */; };
		C326D6AD2327E8F7001AB082 /* TableController.swift in Sources */ = {isa = PBXBuildFile; fileRef = C326D6A32327D994001AB082 /* TableController.swift */; };
		C3DE8E452328F646007E583B /* TableSelectionScreen.swift in Sources */ = {isa = PBXBuildFile; fileRef = C3DE8E442328F646007E583B /* TableSelectionScreen.swift */; };
		C3DE8E48232903B5007E583B /* TableSelectionController.swift in Sources */ = {isa = PBXBuildFile; fileRef = C3DE8E462329037B007E583B /* TableSelectionController.swift */; };
		C3DE8E4C232920F4007E583B /* OtherElementsScreen.swift in Sources */ = {isa = PBXBuildFile; fileRef = C3DE8E4B232920F4007E583B /* OtherElementsScreen.swift */; };
		C3DE8E4E23293D4B007E583B /* OtherElementsTests.swift in Sources */ = {isa = PBXBuildFile; fileRef = C3DE8E4D23293D4B007E583B /* OtherElementsTests.swift */; };
		C3DE8E4F232A3DBF007E583B /* OtherElementsController.swift in Sources */ = {isa = PBXBuildFile; fileRef = C3DE8E4923291A34007E583B /* OtherElementsController.swift */; };
		C3DE8E5F232A7564007E583B /* TabBarScreen.swift in Sources */ = {isa = PBXBuildFile; fileRef = C3DE8E5E232A7564007E583B /* TabBarScreen.swift */; };
/* End PBXBuildFile section */

/* Begin PBXContainerItemProxy section */
		70FEA7811F6AC29400633C5C /* PBXContainerItemProxy */ = {
			isa = PBXContainerItemProxy;
			containerPortal = 607FACC81AFB9204008FA782 /* Project object */;
			proxyType = 1;
			remoteGlobalIDString = 607FACCF1AFB9204008FA782;
			remoteInfo = TABTestKit_Example;
		};
/* End PBXContainerItemProxy section */

/* Begin PBXFileReference section */
		0642FEC1D43A76605A007144 /* Pods_TABTestKit_Example.framework */ = {isa = PBXFileReference; explicitFileType = wrapper.framework; includeInIndex = 0; path = Pods_TABTestKit_Example.framework; sourceTree = BUILT_PRODUCTS_DIR; };
		0757BAFCD86952BF1F8792FB /* TABTestKit.podspec */ = {isa = PBXFileReference; includeInIndex = 1; lastKnownFileType = text; name = TABTestKit.podspec; path = ../TABTestKit.podspec; sourceTree = "<group>"; };
		0F961EE8274AEF63C32361E2 /* Pods_TABTestKit_ExampleUITests.framework */ = {isa = PBXFileReference; explicitFileType = wrapper.framework; includeInIndex = 0; path = Pods_TABTestKit_ExampleUITests.framework; sourceTree = BUILT_PRODUCTS_DIR; };
		1CD6C67461B52B92ADDBB9FD /* LICENSE */ = {isa = PBXFileReference; includeInIndex = 1; lastKnownFileType = text; name = LICENSE; path = ../LICENSE; sourceTree = "<group>"; };
		4AB14B2CDD5EE795DC5CFEBE /* Pods-TABTestKit_ExampleUITests.release.xcconfig */ = {isa = PBXFileReference; includeInIndex = 1; lastKnownFileType = text.xcconfig; name = "Pods-TABTestKit_ExampleUITests.release.xcconfig"; path = "Pods/Target Support Files/Pods-TABTestKit_ExampleUITests/Pods-TABTestKit_ExampleUITests.release.xcconfig"; sourceTree = "<group>"; };
		607FACD01AFB9204008FA782 /* TABTestKit_Example.app */ = {isa = PBXFileReference; explicitFileType = wrapper.application; includeInIndex = 0; path = TABTestKit_Example.app; sourceTree = BUILT_PRODUCTS_DIR; };
		607FACD41AFB9204008FA782 /* Info.plist */ = {isa = PBXFileReference; lastKnownFileType = text.plist.xml; path = Info.plist; sourceTree = "<group>"; };
		607FACD51AFB9204008FA782 /* AppDelegate.swift */ = {isa = PBXFileReference; lastKnownFileType = sourcecode.swift; path = AppDelegate.swift; sourceTree = "<group>"; };
		607FACDA1AFB9204008FA782 /* Base */ = {isa = PBXFileReference; lastKnownFileType = file.storyboard; name = Base; path = Base.lproj/Main.storyboard; sourceTree = "<group>"; };
		607FACDC1AFB9204008FA782 /* Images.xcassets */ = {isa = PBXFileReference; lastKnownFileType = folder.assetcatalog; path = Images.xcassets; sourceTree = "<group>"; };
		607FACDF1AFB9204008FA782 /* Base */ = {isa = PBXFileReference; lastKnownFileType = file.xib; name = Base; path = Base.lproj/LaunchScreen.xib; sourceTree = "<group>"; };
		70FEA77C1F6AC29400633C5C /* TABTestKit_ExampleUITests.xctest */ = {isa = PBXFileReference; explicitFileType = wrapper.cfbundle; includeInIndex = 0; path = TABTestKit_ExampleUITests.xctest; sourceTree = BUILT_PRODUCTS_DIR; };
		70FEA7801F6AC29400633C5C /* Info.plist */ = {isa = PBXFileReference; lastKnownFileType = text.plist.xml; path = Info.plist; sourceTree = "<group>"; };
		7C63340D41DA8ECC5990ED5C /* README.md */ = {isa = PBXFileReference; includeInIndex = 1; lastKnownFileType = net.daringfireball.markdown; name = README.md; path = ../README.md; sourceTree = "<group>"; };
		88A33D2BE86AADC8D87E7049 /* Pods-TABTestKit_Tests.debug.xcconfig */ = {isa = PBXFileReference; includeInIndex = 1; lastKnownFileType = text.xcconfig; name = "Pods-TABTestKit_Tests.debug.xcconfig"; path = "Pods/Target Support Files/Pods-TABTestKit_Tests/Pods-TABTestKit_Tests.debug.xcconfig"; sourceTree = "<group>"; };
		BBC195701249FE2326B791C2 /* Pods-TABTestKit_ExampleUITests.debug.xcconfig */ = {isa = PBXFileReference; includeInIndex = 1; lastKnownFileType = text.xcconfig; name = "Pods-TABTestKit_ExampleUITests.debug.xcconfig"; path = "Pods/Target Support Files/Pods-TABTestKit_ExampleUITests/Pods-TABTestKit_ExampleUITests.debug.xcconfig"; sourceTree = "<group>"; };
		C326D65F232788BA001AB082 /* BiometricLoginViewController.swift */ = {isa = PBXFileReference; lastKnownFileType = sourcecode.swift; path = BiometricLoginViewController.swift; sourceTree = "<group>"; };
		C326D66123278C65001AB082 /* RootController.swift */ = {isa = PBXFileReference; lastKnownFileType = sourcecode.swift; path = RootController.swift; sourceTree = "<group>"; };
		C326D66323278D62001AB082 /* BiometricLogin_HappyPathTests.swift */ = {isa = PBXFileReference; lastKnownFileType = sourcecode.swift; path = BiometricLogin_HappyPathTests.swift; sourceTree = "<group>"; };
		C326D66523278E2E001AB082 /* BiometricLoginScreen.swift */ = {isa = PBXFileReference; lastKnownFileType = sourcecode.swift; path = BiometricLoginScreen.swift; sourceTree = "<group>"; };
		C326D6A32327D994001AB082 /* TableController.swift */ = {isa = PBXFileReference; lastKnownFileType = sourcecode.swift; path = TableController.swift; sourceTree = "<group>"; };
		C326D6A52327DAA7001AB082 /* TableScreen.swift */ = {isa = PBXFileReference; lastKnownFileType = sourcecode.swift; path = TableScreen.swift; sourceTree = "<group>"; };
		C326D6A72327DC15001AB082 /* BiometricLogin_PermissionDeniedTests.swift */ = {isa = PBXFileReference; lastKnownFileType = sourcecode.swift; path = BiometricLogin_PermissionDeniedTests.swift; sourceTree = "<group>"; };
		C326D6A92327DFCC001AB082 /* BiometricLogin_AuthenticationFailureTests.swift */ = {isa = PBXFileReference; lastKnownFileType = sourcecode.swift; path = BiometricLogin_AuthenticationFailureTests.swift; sourceTree = "<group>"; };
		C326D6AB2327E847001AB082 /* TableTests.swift */ = {isa = PBXFileReference; lastKnownFileType = sourcecode.swift; path = TableTests.swift; sourceTree = "<group>"; };
		C3DE8E442328F646007E583B /* TableSelectionScreen.swift */ = {isa = PBXFileReference; lastKnownFileType = sourcecode.swift; path = TableSelectionScreen.swift; sourceTree = "<group>"; };
		C3DE8E462329037B007E583B /* TableSelectionController.swift */ = {isa = PBXFileReference; lastKnownFileType = sourcecode.swift; path = TableSelectionController.swift; sourceTree = "<group>"; };
		C3DE8E4923291A34007E583B /* OtherElementsController.swift */ = {isa = PBXFileReference; lastKnownFileType = sourcecode.swift; path = OtherElementsController.swift; sourceTree = "<group>"; };
		C3DE8E4B232920F4007E583B /* OtherElementsScreen.swift */ = {isa = PBXFileReference; lastKnownFileType = sourcecode.swift; path = OtherElementsScreen.swift; sourceTree = "<group>"; };
		C3DE8E4D23293D4B007E583B /* OtherElementsTests.swift */ = {isa = PBXFileReference; lastKnownFileType = sourcecode.swift; path = OtherElementsTests.swift; sourceTree = "<group>"; };
		C3DE8E5E232A7564007E583B /* TabBarScreen.swift */ = {isa = PBXFileReference; lastKnownFileType = sourcecode.swift; path = TabBarScreen.swift; sourceTree = "<group>"; };
		E5A0F1B1A8B65BA16C080FA9 /* Pods_TABTestKit_Tests.framework */ = {isa = PBXFileReference; explicitFileType = wrapper.framework; includeInIndex = 0; path = Pods_TABTestKit_Tests.framework; sourceTree = BUILT_PRODUCTS_DIR; };
		FAB5004412DF96067009CA81 /* Pods-TABTestKit_Tests.release.xcconfig */ = {isa = PBXFileReference; includeInIndex = 1; lastKnownFileType = text.xcconfig; name = "Pods-TABTestKit_Tests.release.xcconfig"; path = "Pods/Target Support Files/Pods-TABTestKit_Tests/Pods-TABTestKit_Tests.release.xcconfig"; sourceTree = "<group>"; };
/* End PBXFileReference section */

/* Begin PBXFrameworksBuildPhase section */
		607FACCD1AFB9204008FA782 /* Frameworks */ = {
			isa = PBXFrameworksBuildPhase;
			buildActionMask = 2147483647;
			files = (
			);
			runOnlyForDeploymentPostprocessing = 0;
		};
		70FEA7791F6AC29400633C5C /* Frameworks */ = {
			isa = PBXFrameworksBuildPhase;
			buildActionMask = 2147483647;
			files = (
				6048911B986922C931CBCBD4 /* Pods_TABTestKit_ExampleUITests.framework in Frameworks */,
			);
			runOnlyForDeploymentPostprocessing = 0;
		};
/* End PBXFrameworksBuildPhase section */

/* Begin PBXGroup section */
		11E8E251909851EDDEE7F1D2 /* Pods */ = {
			isa = PBXGroup;
			children = (
				88A33D2BE86AADC8D87E7049 /* Pods-TABTestKit_Tests.debug.xcconfig */,
				FAB5004412DF96067009CA81 /* Pods-TABTestKit_Tests.release.xcconfig */,
				BBC195701249FE2326B791C2 /* Pods-TABTestKit_ExampleUITests.debug.xcconfig */,
				4AB14B2CDD5EE795DC5CFEBE /* Pods-TABTestKit_ExampleUITests.release.xcconfig */,
			);
			name = Pods;
			sourceTree = "<group>";
		};
		607FACC71AFB9204008FA782 = {
			isa = PBXGroup;
			children = (
				607FACF51AFB993E008FA782 /* Podspec Metadata */,
				607FACD21AFB9204008FA782 /* Example for TABTestKit */,
				70FEA77D1F6AC29400633C5C /* TABTestKit_ExampleUITests */,
				607FACD11AFB9204008FA782 /* Products */,
				11E8E251909851EDDEE7F1D2 /* Pods */,
				86888BF0805049FCC685A082 /* Frameworks */,
			);
			sourceTree = "<group>";
			usesTabs = 0;
		};
		607FACD11AFB9204008FA782 /* Products */ = {
			isa = PBXGroup;
			children = (
				607FACD01AFB9204008FA782 /* TABTestKit_Example.app */,
				70FEA77C1F6AC29400633C5C /* TABTestKit_ExampleUITests.xctest */,
			);
			name = Products;
			sourceTree = "<group>";
		};
		607FACD21AFB9204008FA782 /* Example for TABTestKit */ = {
			isa = PBXGroup;
			children = (
				607FACD51AFB9204008FA782 /* AppDelegate.swift */,
				C326D66123278C65001AB082 /* RootController.swift */,
				C326D65F232788BA001AB082 /* BiometricLoginViewController.swift */,
				C326D6A32327D994001AB082 /* TableController.swift */,
				C3DE8E462329037B007E583B /* TableSelectionController.swift */,
				C3DE8E4923291A34007E583B /* OtherElementsController.swift */,
				607FACD31AFB9204008FA782 /* Supporting Files */,
			);
			name = "Example for TABTestKit";
			path = TABTestKit;
			sourceTree = "<group>";
		};
		607FACD31AFB9204008FA782 /* Supporting Files */ = {
			isa = PBXGroup;
			children = (
				607FACD91AFB9204008FA782 /* Main.storyboard */,
				607FACDC1AFB9204008FA782 /* Images.xcassets */,
				607FACDE1AFB9204008FA782 /* LaunchScreen.xib */,
				607FACD41AFB9204008FA782 /* Info.plist */,
			);
			name = "Supporting Files";
			sourceTree = "<group>";
		};
		607FACF51AFB993E008FA782 /* Podspec Metadata */ = {
			isa = PBXGroup;
			children = (
				0757BAFCD86952BF1F8792FB /* TABTestKit.podspec */,
				7C63340D41DA8ECC5990ED5C /* README.md */,
				1CD6C67461B52B92ADDBB9FD /* LICENSE */,
			);
			name = "Podspec Metadata";
			sourceTree = "<group>";
		};
		70FEA77D1F6AC29400633C5C /* TABTestKit_ExampleUITests */ = {
			isa = PBXGroup;
			children = (
				70FEA7881F6AC58B00633C5C /* Tests */,
				70FEA7861F6AC57200633C5C /* Screens */,
				C36B77442108B00E00005DB6 /* Supporting Files */,
			);
			path = TABTestKit_ExampleUITests;
			sourceTree = "<group>";
		};
		70FEA7861F6AC57200633C5C /* Screens */ = {
			isa = PBXGroup;
			children = (
				C326D66523278E2E001AB082 /* BiometricLoginScreen.swift */,
				C326D6A52327DAA7001AB082 /* TableScreen.swift */,
				C3DE8E442328F646007E583B /* TableSelectionScreen.swift */,
				C3DE8E4B232920F4007E583B /* OtherElementsScreen.swift */,
				C3DE8E5E232A7564007E583B /* TabBarScreen.swift */,
			);
			name = Screens;
			sourceTree = "<group>";
		};
		70FEA7881F6AC58B00633C5C /* Tests */ = {
			isa = PBXGroup;
			children = (
				C326D66323278D62001AB082 /* BiometricLogin_HappyPathTests.swift */,
				C326D6A72327DC15001AB082 /* BiometricLogin_PermissionDeniedTests.swift */,
				C326D6A92327DFCC001AB082 /* BiometricLogin_AuthenticationFailureTests.swift */,
				C326D6AB2327E847001AB082 /* TableTests.swift */,
				C3DE8E4D23293D4B007E583B /* OtherElementsTests.swift */,
			);
			name = Tests;
			sourceTree = "<group>";
		};
		86888BF0805049FCC685A082 /* Frameworks */ = {
			isa = PBXGroup;
			children = (
				0642FEC1D43A76605A007144 /* Pods_TABTestKit_Example.framework */,
				E5A0F1B1A8B65BA16C080FA9 /* Pods_TABTestKit_Tests.framework */,
				0F961EE8274AEF63C32361E2 /* Pods_TABTestKit_ExampleUITests.framework */,
			);
			name = Frameworks;
			sourceTree = "<group>";
		};
		C36B77442108B00E00005DB6 /* Supporting Files */ = {
			isa = PBXGroup;
			children = (
				70FEA7801F6AC29400633C5C /* Info.plist */,
			);
			name = "Supporting Files";
			sourceTree = "<group>";
		};
/* End PBXGroup section */

/* Begin PBXNativeTarget section */
		607FACCF1AFB9204008FA782 /* TABTestKit_Example */ = {
			isa = PBXNativeTarget;
			buildConfigurationList = 607FACEF1AFB9204008FA782 /* Build configuration list for PBXNativeTarget "TABTestKit_Example" */;
			buildPhases = (
				607FACCC1AFB9204008FA782 /* Sources */,
				607FACCD1AFB9204008FA782 /* Frameworks */,
				607FACCE1AFB9204008FA782 /* Resources */,
			);
			buildRules = (
			);
			dependencies = (
			);
			name = TABTestKit_Example;
			productName = TABTestKit;
			productReference = 607FACD01AFB9204008FA782 /* TABTestKit_Example.app */;
			productType = "com.apple.product-type.application";
		};
		70FEA77B1F6AC29400633C5C /* TABTestKit_ExampleUITests */ = {
			isa = PBXNativeTarget;
			buildConfigurationList = 70FEA7831F6AC29400633C5C /* Build configuration list for PBXNativeTarget "TABTestKit_ExampleUITests" */;
			buildPhases = (
				C568D81453F5883C4FFCDFF0 /* [CP] Check Pods Manifest.lock */,
				70FEA7781F6AC29400633C5C /* Sources */,
				70FEA7791F6AC29400633C5C /* Frameworks */,
				70FEA77A1F6AC29400633C5C /* Resources */,
				552D8304E1CA206FDDA9F6F4 /* [CP] Embed Pods Frameworks */,
			);
			buildRules = (
			);
			dependencies = (
				70FEA7821F6AC29400633C5C /* PBXTargetDependency */,
			);
			name = TABTestKit_ExampleUITests;
			productName = TABTestKit_ExampleUITests;
			productReference = 70FEA77C1F6AC29400633C5C /* TABTestKit_ExampleUITests.xctest */;
			productType = "com.apple.product-type.bundle.ui-testing";
		};
/* End PBXNativeTarget section */

/* Begin PBXProject section */
		607FACC81AFB9204008FA782 /* Project object */ = {
			isa = PBXProject;
			attributes = {
				LastSwiftUpdateCheck = 0830;
				LastUpgradeCheck = 1020;
				ORGANIZATIONNAME = "The App Business LTD";
				TargetAttributes = {
					607FACCF1AFB9204008FA782 = {
						CreatedOnToolsVersion = 6.3.1;
						LastSwiftMigration = 1020;
					};
					70FEA77B1F6AC29400633C5C = {
						CreatedOnToolsVersion = 8.3.3;
						DevelopmentTeam = PR289YX2Y5;
						LastSwiftMigration = 1020;
						ProvisioningStyle = Automatic;
						TestTargetID = 607FACCF1AFB9204008FA782;
					};
				};
			};
			buildConfigurationList = 607FACCB1AFB9204008FA782 /* Build configuration list for PBXProject "TABTestKit" */;
			compatibilityVersion = "Xcode 3.2";
			developmentRegion = English;
			hasScannedForEncodings = 0;
			knownRegions = (
				English,
				en,
				Base,
			);
			mainGroup = 607FACC71AFB9204008FA782;
			productRefGroup = 607FACD11AFB9204008FA782 /* Products */;
			projectDirPath = "";
			projectRoot = "";
			targets = (
				607FACCF1AFB9204008FA782 /* TABTestKit_Example */,
				70FEA77B1F6AC29400633C5C /* TABTestKit_ExampleUITests */,
			);
		};
/* End PBXProject section */

/* Begin PBXResourcesBuildPhase section */
		607FACCE1AFB9204008FA782 /* Resources */ = {
			isa = PBXResourcesBuildPhase;
			buildActionMask = 2147483647;
			files = (
				607FACDB1AFB9204008FA782 /* Main.storyboard in Resources */,
				607FACE01AFB9204008FA782 /* LaunchScreen.xib in Resources */,
				607FACDD1AFB9204008FA782 /* Images.xcassets in Resources */,
			);
			runOnlyForDeploymentPostprocessing = 0;
		};
		70FEA77A1F6AC29400633C5C /* Resources */ = {
			isa = PBXResourcesBuildPhase;
			buildActionMask = 2147483647;
			files = (
			);
			runOnlyForDeploymentPostprocessing = 0;
		};
/* End PBXResourcesBuildPhase section */

/* Begin PBXShellScriptBuildPhase section */
		552D8304E1CA206FDDA9F6F4 /* [CP] Embed Pods Frameworks */ = {
			isa = PBXShellScriptBuildPhase;
			buildActionMask = 2147483647;
			files = (
			);
			inputPaths = (
				"${PODS_ROOT}/Target Support Files/Pods-TABTestKit_ExampleUITests/Pods-TABTestKit_ExampleUITests-frameworks.sh",
				"${BUILT_PRODUCTS_DIR}/TABTestKit/TABTestKit.framework",
			);
			name = "[CP] Embed Pods Frameworks";
			outputPaths = (
				"${TARGET_BUILD_DIR}/${FRAMEWORKS_FOLDER_PATH}/TABTestKit.framework",
			);
			runOnlyForDeploymentPostprocessing = 0;
			shellPath = /bin/sh;
			shellScript = "\"${PODS_ROOT}/Target Support Files/Pods-TABTestKit_ExampleUITests/Pods-TABTestKit_ExampleUITests-frameworks.sh\"\n";
			showEnvVarsInLog = 0;
		};
		C568D81453F5883C4FFCDFF0 /* [CP] Check Pods Manifest.lock */ = {
			isa = PBXShellScriptBuildPhase;
			buildActionMask = 2147483647;
			files = (
			);
			inputPaths = (
				"${PODS_PODFILE_DIR_PATH}/Podfile.lock",
				"${PODS_ROOT}/Manifest.lock",
			);
			name = "[CP] Check Pods Manifest.lock";
			outputPaths = (
				"$(DERIVED_FILE_DIR)/Pods-TABTestKit_ExampleUITests-checkManifestLockResult.txt",
			);
			runOnlyForDeploymentPostprocessing = 0;
			shellPath = /bin/sh;
			shellScript = "diff \"${PODS_PODFILE_DIR_PATH}/Podfile.lock\" \"${PODS_ROOT}/Manifest.lock\" > /dev/null\nif [ $? != 0 ] ; then\n    # print error to STDERR\n    echo \"error: The sandbox is not in sync with the Podfile.lock. Run 'pod install' or update your CocoaPods installation.\" >&2\n    exit 1\nfi\n# This output is used by Xcode 'outputs' to avoid re-running this script phase.\necho \"SUCCESS\" > \"${SCRIPT_OUTPUT_FILE_0}\"\n";
			showEnvVarsInLog = 0;
		};
/* End PBXShellScriptBuildPhase section */

/* Begin PBXSourcesBuildPhase section */
		607FACCC1AFB9204008FA782 /* Sources */ = {
			isa = PBXSourcesBuildPhase;
			buildActionMask = 2147483647;
			files = (
				C326D660232788BA001AB082 /* BiometricLoginViewController.swift in Sources */,
				607FACD61AFB9204008FA782 /* AppDelegate.swift in Sources */,
				C326D6AD2327E8F7001AB082 /* TableController.swift in Sources */,
				C3DE8E4F232A3DBF007E583B /* OtherElementsController.swift in Sources */,
				C3DE8E48232903B5007E583B /* TableSelectionController.swift in Sources */,
				C326D66223278C65001AB082 /* RootController.swift in Sources */,
			);
			runOnlyForDeploymentPostprocessing = 0;
		};
		70FEA7781F6AC29400633C5C /* Sources */ = {
			isa = PBXSourcesBuildPhase;
			buildActionMask = 2147483647;
			files = (
				C326D6A62327DAA7001AB082 /* TableScreen.swift in Sources */,
				C3DE8E4E23293D4B007E583B /* OtherElementsTests.swift in Sources */,
				C3DE8E4C232920F4007E583B /* OtherElementsScreen.swift in Sources */,
				C326D66623278E2E001AB082 /* BiometricLoginScreen.swift in Sources */,
				C326D66423278D62001AB082 /* BiometricLogin_HappyPathTests.swift in Sources */,
				C326D6A82327DC15001AB082 /* BiometricLogin_PermissionDeniedTests.swift in Sources */,
				C326D6AC2327E847001AB082 /* TableTests.swift in Sources */,
				C3DE8E452328F646007E583B /* TableSelectionScreen.swift in Sources */,
				C326D6AA2327DFCC001AB082 /* BiometricLogin_AuthenticationFailureTests.swift in Sources */,
				C3DE8E5F232A7564007E583B /* TabBarScreen.swift in Sources */,
			);
			runOnlyForDeploymentPostprocessing = 0;
		};
/* End PBXSourcesBuildPhase section */

/* Begin PBXTargetDependency section */
		70FEA7821F6AC29400633C5C /* PBXTargetDependency */ = {
			isa = PBXTargetDependency;
			target = 607FACCF1AFB9204008FA782 /* TABTestKit_Example */;
			targetProxy = 70FEA7811F6AC29400633C5C /* PBXContainerItemProxy */;
		};
/* End PBXTargetDependency section */

/* Begin PBXVariantGroup section */
		607FACD91AFB9204008FA782 /* Main.storyboard */ = {
			isa = PBXVariantGroup;
			children = (
				607FACDA1AFB9204008FA782 /* Base */,
			);
			name = Main.storyboard;
			sourceTree = "<group>";
		};
		607FACDE1AFB9204008FA782 /* LaunchScreen.xib */ = {
			isa = PBXVariantGroup;
			children = (
				607FACDF1AFB9204008FA782 /* Base */,
			);
			name = LaunchScreen.xib;
			sourceTree = "<group>";
		};
/* End PBXVariantGroup section */

/* Begin XCBuildConfiguration section */
		607FACED1AFB9204008FA782 /* Debug */ = {
			isa = XCBuildConfiguration;
			buildSettings = {
				ALWAYS_SEARCH_USER_PATHS = NO;
				CLANG_CXX_LANGUAGE_STANDARD = "gnu++0x";
				CLANG_CXX_LIBRARY = "libc++";
				CLANG_ENABLE_MODULES = YES;
				CLANG_ENABLE_OBJC_ARC = YES;
				CLANG_WARN_BLOCK_CAPTURE_AUTORELEASING = YES;
				CLANG_WARN_BOOL_CONVERSION = YES;
				CLANG_WARN_COMMA = YES;
				CLANG_WARN_CONSTANT_CONVERSION = YES;
				CLANG_WARN_DEPRECATED_OBJC_IMPLEMENTATIONS = YES;
				CLANG_WARN_DIRECT_OBJC_ISA_USAGE = YES_ERROR;
				CLANG_WARN_EMPTY_BODY = YES;
				CLANG_WARN_ENUM_CONVERSION = YES;
				CLANG_WARN_INFINITE_RECURSION = YES;
				CLANG_WARN_INT_CONVERSION = YES;
				CLANG_WARN_NON_LITERAL_NULL_CONVERSION = YES;
				CLANG_WARN_OBJC_IMPLICIT_RETAIN_SELF = YES;
				CLANG_WARN_OBJC_LITERAL_CONVERSION = YES;
				CLANG_WARN_OBJC_ROOT_CLASS = YES_ERROR;
				CLANG_WARN_RANGE_LOOP_ANALYSIS = YES;
				CLANG_WARN_STRICT_PROTOTYPES = YES;
				CLANG_WARN_SUSPICIOUS_MOVE = YES;
				CLANG_WARN_UNREACHABLE_CODE = YES;
				CLANG_WARN__DUPLICATE_METHOD_MATCH = YES;
				"CODE_SIGN_IDENTITY[sdk=iphoneos*]" = "iPhone Developer";
				COPY_PHASE_STRIP = NO;
				DEBUG_INFORMATION_FORMAT = "dwarf-with-dsym";
				ENABLE_STRICT_OBJC_MSGSEND = YES;
				ENABLE_TESTABILITY = YES;
				GCC_C_LANGUAGE_STANDARD = gnu99;
				GCC_DYNAMIC_NO_PIC = NO;
				GCC_NO_COMMON_BLOCKS = YES;
				GCC_OPTIMIZATION_LEVEL = 0;
				GCC_PREPROCESSOR_DEFINITIONS = (
					"DEBUG=1",
					"$(inherited)",
				);
				GCC_SYMBOLS_PRIVATE_EXTERN = NO;
				GCC_WARN_64_TO_32_BIT_CONVERSION = YES;
				GCC_WARN_ABOUT_RETURN_TYPE = YES_ERROR;
				GCC_WARN_UNDECLARED_SELECTOR = YES;
				GCC_WARN_UNINITIALIZED_AUTOS = YES_AGGRESSIVE;
				GCC_WARN_UNUSED_FUNCTION = YES;
				GCC_WARN_UNUSED_VARIABLE = YES;
				IPHONEOS_DEPLOYMENT_TARGET = 12.4;
				MTL_ENABLE_DEBUG_INFO = YES;
				ONLY_ACTIVE_ARCH = YES;
				SDKROOT = iphoneos;
				SWIFT_OPTIMIZATION_LEVEL = "-Onone";
				SWIFT_SWIFT3_OBJC_INFERENCE = Default;
				SWIFT_VERSION = 5.0;
			};
			name = Debug;
		};
		607FACEE1AFB9204008FA782 /* Release */ = {
			isa = XCBuildConfiguration;
			buildSettings = {
				ALWAYS_SEARCH_USER_PATHS = NO;
				CLANG_CXX_LANGUAGE_STANDARD = "gnu++0x";
				CLANG_CXX_LIBRARY = "libc++";
				CLANG_ENABLE_MODULES = YES;
				CLANG_ENABLE_OBJC_ARC = YES;
				CLANG_WARN_BLOCK_CAPTURE_AUTORELEASING = YES;
				CLANG_WARN_BOOL_CONVERSION = YES;
				CLANG_WARN_COMMA = YES;
				CLANG_WARN_CONSTANT_CONVERSION = YES;
				CLANG_WARN_DEPRECATED_OBJC_IMPLEMENTATIONS = YES;
				CLANG_WARN_DIRECT_OBJC_ISA_USAGE = YES_ERROR;
				CLANG_WARN_EMPTY_BODY = YES;
				CLANG_WARN_ENUM_CONVERSION = YES;
				CLANG_WARN_INFINITE_RECURSION = YES;
				CLANG_WARN_INT_CONVERSION = YES;
				CLANG_WARN_NON_LITERAL_NULL_CONVERSION = YES;
				CLANG_WARN_OBJC_IMPLICIT_RETAIN_SELF = YES;
				CLANG_WARN_OBJC_LITERAL_CONVERSION = YES;
				CLANG_WARN_OBJC_ROOT_CLASS = YES_ERROR;
				CLANG_WARN_RANGE_LOOP_ANALYSIS = YES;
				CLANG_WARN_STRICT_PROTOTYPES = YES;
				CLANG_WARN_SUSPICIOUS_MOVE = YES;
				CLANG_WARN_UNREACHABLE_CODE = YES;
				CLANG_WARN__DUPLICATE_METHOD_MATCH = YES;
				"CODE_SIGN_IDENTITY[sdk=iphoneos*]" = "iPhone Developer";
				COPY_PHASE_STRIP = NO;
				DEBUG_INFORMATION_FORMAT = "dwarf-with-dsym";
				ENABLE_NS_ASSERTIONS = NO;
				ENABLE_STRICT_OBJC_MSGSEND = YES;
				GCC_C_LANGUAGE_STANDARD = gnu99;
				GCC_NO_COMMON_BLOCKS = YES;
				GCC_WARN_64_TO_32_BIT_CONVERSION = YES;
				GCC_WARN_ABOUT_RETURN_TYPE = YES_ERROR;
				GCC_WARN_UNDECLARED_SELECTOR = YES;
				GCC_WARN_UNINITIALIZED_AUTOS = YES_AGGRESSIVE;
				GCC_WARN_UNUSED_FUNCTION = YES;
				GCC_WARN_UNUSED_VARIABLE = YES;
				IPHONEOS_DEPLOYMENT_TARGET = 12.4;
				MTL_ENABLE_DEBUG_INFO = NO;
				SDKROOT = iphoneos;
				SWIFT_OPTIMIZATION_LEVEL = "-Owholemodule";
				SWIFT_SWIFT3_OBJC_INFERENCE = Default;
				SWIFT_VERSION = 5.0;
				VALIDATE_PRODUCT = YES;
			};
			name = Release;
		};
		607FACF01AFB9204008FA782 /* Debug */ = {
			isa = XCBuildConfiguration;
			buildSettings = {
				ASSETCATALOG_COMPILER_APPICON_NAME = AppIcon;
				INFOPLIST_FILE = TABTestKit/Info.plist;
				IPHONEOS_DEPLOYMENT_TARGET = 12.4;
				LD_RUNPATH_SEARCH_PATHS = "$(inherited) @executable_path/Frameworks";
				MODULE_NAME = ExampleApp;
				PRODUCT_BUNDLE_IDENTIFIER = "org.cocoapods.demo.$(PRODUCT_NAME:rfc1034identifier)";
				PRODUCT_NAME = "$(TARGET_NAME)";
				SWIFT_VERSION = 5.0;
			};
			name = Debug;
		};
		607FACF11AFB9204008FA782 /* Release */ = {
			isa = XCBuildConfiguration;
			buildSettings = {
				ASSETCATALOG_COMPILER_APPICON_NAME = AppIcon;
				INFOPLIST_FILE = TABTestKit/Info.plist;
				IPHONEOS_DEPLOYMENT_TARGET = 12.4;
				LD_RUNPATH_SEARCH_PATHS = "$(inherited) @executable_path/Frameworks";
				MODULE_NAME = ExampleApp;
				PRODUCT_BUNDLE_IDENTIFIER = "org.cocoapods.demo.$(PRODUCT_NAME:rfc1034identifier)";
				PRODUCT_NAME = "$(TARGET_NAME)";
				SWIFT_VERSION = 5.0;
			};
			name = Release;
		};
		70FEA7841F6AC29400633C5C /* Debug */ = {
			isa = XCBuildConfiguration;
			baseConfigurationReference = BBC195701249FE2326B791C2 /* Pods-TABTestKit_ExampleUITests.debug.xcconfig */;
			buildSettings = {
				CLANG_ANALYZER_NONNULL = YES;
				CLANG_ANALYZER_NUMBER_OBJECT_CONVERSION = YES_AGGRESSIVE;
				CLANG_ENABLE_MODULES = YES;
				CLANG_WARN_DOCUMENTATION_COMMENTS = YES;
				DEBUG_INFORMATION_FORMAT = dwarf;
				DEVELOPMENT_TEAM = PR289YX2Y5;
				INFOPLIST_FILE = TABTestKit_ExampleUITests/Info.plist;
				LD_RUNPATH_SEARCH_PATHS = "$(inherited) @executable_path/Frameworks @loader_path/Frameworks";
				PRODUCT_BUNDLE_IDENTIFIER = "com.theappbusiness.TABTestKit-ExampleUITests";
				PRODUCT_NAME = "$(TARGET_NAME)";
				SWIFT_ACTIVE_COMPILATION_CONDITIONS = DEBUG;
				SWIFT_OPTIMIZATION_LEVEL = "-Onone";
				SWIFT_VERSION = 5.0;
				TEST_TARGET_NAME = TABTestKit_Example;
			};
			name = Debug;
		};
		70FEA7851F6AC29400633C5C /* Release */ = {
			isa = XCBuildConfiguration;
			baseConfigurationReference = 4AB14B2CDD5EE795DC5CFEBE /* Pods-TABTestKit_ExampleUITests.release.xcconfig */;
			buildSettings = {
				CLANG_ANALYZER_NONNULL = YES;
				CLANG_ANALYZER_NUMBER_OBJECT_CONVERSION = YES_AGGRESSIVE;
				CLANG_ENABLE_MODULES = YES;
				CLANG_WARN_DOCUMENTATION_COMMENTS = YES;
				DEVELOPMENT_TEAM = PR289YX2Y5;
				INFOPLIST_FILE = TABTestKit_ExampleUITests/Info.plist;
				LD_RUNPATH_SEARCH_PATHS = "$(inherited) @executable_path/Frameworks @loader_path/Frameworks";
				PRODUCT_BUNDLE_IDENTIFIER = "com.theappbusiness.TABTestKit-ExampleUITests";
				PRODUCT_NAME = "$(TARGET_NAME)";
				SWIFT_VERSION = 5.0;
				TEST_TARGET_NAME = TABTestKit_Example;
			};
			name = Release;
		};
/* End XCBuildConfiguration section */

/* Begin XCConfigurationList section */
		607FACCB1AFB9204008FA782 /* Build configuration list for PBXProject "TABTestKit" */ = {
			isa = XCConfigurationList;
			buildConfigurations = (
				607FACED1AFB9204008FA782 /* Debug */,
				607FACEE1AFB9204008FA782 /* Release */,
			);
			defaultConfigurationIsVisible = 0;
			defaultConfigurationName = Release;
		};
		607FACEF1AFB9204008FA782 /* Build configuration list for PBXNativeTarget "TABTestKit_Example" */ = {
			isa = XCConfigurationList;
			buildConfigurations = (
				607FACF01AFB9204008FA782 /* Debug */,
				607FACF11AFB9204008FA782 /* Release */,
			);
			defaultConfigurationIsVisible = 0;
			defaultConfigurationName = Release;
		};
		70FEA7831F6AC29400633C5C /* Build configuration list for PBXNativeTarget "TABTestKit_ExampleUITests" */ = {
			isa = XCConfigurationList;
			buildConfigurations = (
				70FEA7841F6AC29400633C5C /* Debug */,
				70FEA7851F6AC29400633C5C /* Release */,
			);
			defaultConfigurationIsVisible = 0;
			defaultConfigurationName = Release;
		};
/* End XCConfigurationList section */
	};
	rootObject = 607FACC81AFB9204008FA782 /* Project object */;
}
